
Microsoft Visual Studio Solution File, Format Version 12.00
# Visual Studio Version 17
VisualStudioVersion = 17.0.32112.339
MinimumVisualStudioVersion = 10.0.40219.1
Project("{FAE04EC0-301F-11D3-BF4B-00C04F79EFBC}") = "Desenhar_Diamante.ConsoleApp1", "Desenhar_Diamante.ConsoleApp1\Desenhar_Diamante.ConsoleApp1.csproj", "{D0EB0BD5-4F25-481C-A5D2-BBDFC098CCFA}"
EndProject
Global
	GlobalSection(SolutionConfigurationPlatforms) = preSolution
		Debug|Any CPU = Debug|Any CPU
		Release|Any CPU = Release|Any CPU
	EndGlobalSection
	GlobalSection(ProjectConfigurationPlatforms) = postSolution
		{D0EB0BD5-4F25-481C-A5D2-BBDFC098CCFA}.Debug|Any CPU.ActiveCfg = Debug|Any CPU
		{D0EB0BD5-4F25-481C-A5D2-BBDFC098CCFA}.Debug|Any CPU.Build.0 = Debug|Any CPU
		{D0EB0BD5-4F25-481C-A5D2-BBDFC098CCFA}.Release|Any CPU.ActiveCfg = Release|Any CPU
		{D0EB0BD5-4F25-481C-A5D2-BBDFC098CCFA}.Release|Any CPU.Build.0 = Release|Any CPU
	EndGlobalSection
	GlobalSection(SolutionProperties) = preSolution
		HideSolutionNode = FALSE
	EndGlobalSection
	GlobalSection(ExtensibilityGlobals) = postSolution
		SolutionGuid = {A35923E2-A236-4935-8463-96D45F8858A3}
	EndGlobalSection
EndGlobal
